{
  "name": "msdf-bmfont",
  "version": "1.0.1",
  "lockfileVersion": 1,
  "requires": true,
  "dependencies": {
    "an-array": {
      "version": "https://registry.npmjs.org/an-array/-/an-array-1.0.0.tgz",
      "integrity": "sha1-wSWlu4JXd4419LT2qpx9D6nkJmU=",
      "dev": true
    },
    "array-pack-2d": {
      "version": "https://registry.npmjs.org/array-pack-2d/-/array-pack-2d-0.1.1.tgz",
      "integrity": "sha1-vb3PL3+xm/uOBvvwHYvIxmS0aT0=",
      "dev": true,
      "requires": {
        "dtype": "https://registry.npmjs.org/dtype/-/dtype-1.0.0.tgz"
      },
      "dependencies": {
        "dtype": {
          "version": "https://registry.npmjs.org/dtype/-/dtype-1.0.0.tgz",
          "integrity": "sha1-rjT/ooJnNxUgNYLWG73QqtPLo+c=",
          "dev": true
        }
      }
    },
    "array-shuffle": {
      "version": "https://registry.npmjs.org/array-shuffle/-/array-shuffle-1.0.1.tgz",
      "integrity": "sha1-fqSIKjVrS8pfVF4LblLq9tlxVXo=",
      "dev": true
    },
    "as-number": {
      "version": "https://registry.npmjs.org/as-number/-/as-number-1.0.0.tgz",
      "integrity": "sha1-rLJ+NPj52KsNqeN287iVmGD4CmY=",
      "dev": true
    },
    "buffer-equal": {
      "version": "https://registry.npmjs.org/buffer-equal/-/buffer-equal-0.0.1.tgz",
      "integrity": "sha1-kbx0sR6kBbyRa8aqkI+q+ltKrEs=",
      "dev": true
    },
    "buffer-to-arraybuffer": {
      "version": "https://registry.npmjs.org/buffer-to-arraybuffer/-/buffer-to-arraybuffer-0.0.2.tgz",
      "integrity": "sha1-0NgFZNwxhmoZdlFUh7OrYg23yEk=",
      "dev": true,
      "requires": {
        "tape": "https://registry.npmjs.org/tape/-/tape-3.6.1.tgz"
      }
    },
    "canvas": {
      "version": "1.6.6",
      "resolved": "https://registry.npmjs.org/canvas/-/canvas-1.6.6.tgz",
      "integrity": "sha512-6E4FStIGsKiVG11nJHo42/zryM3+0/luss/IwGfhzaUlv+lnGsxsqJMSMc1JolR3QxtL+x8x4KlVWbVcCGmFfg==",
      "requires": {
        "nan": "2.6.2",
        "parse-css-font": "2.0.2",
        "units-css": "0.4.0"
      }
    },
    "css-font-size-keywords": {
      "version": "1.0.0",
      "resolved": "https://registry.npmjs.org/css-font-size-keywords/-/css-font-size-keywords-1.0.0.tgz",
      "integrity": "sha1-hUh1rOmspqjS7g00WkSq6btttss="
    },
    "css-font-stretch-keywords": {
      "version": "1.0.1",
      "resolved": "https://registry.npmjs.org/css-font-stretch-keywords/-/css-font-stretch-keywords-1.0.1.tgz",
      "integrity": "sha1-UM7puboDH7XJUtRyMTnx4Qe1SxA="
    },
    "css-font-style-keywords": {
      "version": "1.0.1",
      "resolved": "https://registry.npmjs.org/css-font-style-keywords/-/css-font-style-keywords-1.0.1.tgz",
      "integrity": "sha1-XDUygT9jtKHelU0TzqhqtDM0CeQ="
    },
    "css-font-weight-keywords": {
      "version": "1.0.0",
      "resolved": "https://registry.npmjs.org/css-font-weight-keywords/-/css-font-weight-keywords-1.0.0.tgz",
      "integrity": "sha1-m8BGcayFvHJLV07106yWsNYE/Zc="
    },
    "css-global-keywords": {
      "version": "1.0.1",
      "resolved": "https://registry.npmjs.org/css-global-keywords/-/css-global-keywords-1.0.1.tgz",
      "integrity": "sha1-cqmupyeW0Bmx0qMlLeTlqqN+Smk="
    },
    "css-list-helpers": {
      "version": "1.0.1",
      "resolved": "https://registry.npmjs.org/css-list-helpers/-/css-list-helpers-1.0.1.tgz",
      "integrity": "sha1-//VxkiAtuDJAxBaG+RnkSacCT30=",
      "requires": {
        "tcomb": "2.7.0"
      }
    },
    "css-system-font-keywords": {
      "version": "1.0.0",
      "resolved": "https://registry.npmjs.org/css-system-font-keywords/-/css-system-font-keywords-1.0.0.tgz",
      "integrity": "sha1-hcbwhquk6zLFcaMIav/ENLhII+0="
    },
    "deep-equal": {
      "version": "https://registry.npmjs.org/deep-equal/-/deep-equal-0.2.2.tgz",
      "integrity": "sha1-hLdFiW80xoTpjyzg5Cq69Du6AX0=",
      "dev": true
    },
    "defined": {
      "version": "https://registry.npmjs.org/defined/-/defined-0.0.0.tgz",
      "integrity": "sha1-817qfXBekzuvE7LwOz+D2SFAOz4=",
      "dev": true
    },
    "dom-walk": {
      "version": "https://registry.npmjs.org/dom-walk/-/dom-walk-0.1.1.tgz",
      "integrity": "sha1-ZyIm3HTI95mtNTB9+TaroRrNYBg=",
      "dev": true
    },
    "dtype": {
      "version": "https://registry.npmjs.org/dtype/-/dtype-2.0.0.tgz",
      "integrity": "sha1-zQUjI84GFETs0uj1dI9popvihDQ=",
      "dev": true
    },
    "flatten-vertex-data": {
      "version": "https://registry.npmjs.org/flatten-vertex-data/-/flatten-vertex-data-1.0.0.tgz",
      "integrity": "sha1-1hyU8qZWTzAdZni3JhYWrwAEcIw=",
      "dev": true,
      "requires": {
        "array-pack-2d": "https://registry.npmjs.org/array-pack-2d/-/array-pack-2d-0.1.1.tgz",
        "dtype": "https://registry.npmjs.org/dtype/-/dtype-2.0.0.tgz",
        "is-typedarray": "https://registry.npmjs.org/is-typedarray/-/is-typedarray-1.0.0.tgz"
      }
    },
    "for-each": {
      "version": "https://registry.npmjs.org/for-each/-/for-each-0.3.2.tgz",
      "integrity": "sha1-LEBFC5NI6X8oEyJZO6lnBLmr1NQ=",
      "dev": true,
      "requires": {
        "is-function": "https://registry.npmjs.org/is-function/-/is-function-1.0.1.tgz"
      }
    },
    "glob": {
      "version": "https://registry.npmjs.org/glob/-/glob-3.2.11.tgz",
      "integrity": "sha1-Spc/Y1uRkPcV0QmH1cAP0oFevj0=",
      "dev": true,
      "requires": {
        "inherits": "https://registry.npmjs.org/inherits/-/inherits-2.0.3.tgz",
        "minimatch": "https://registry.npmjs.org/minimatch/-/minimatch-0.3.0.tgz"
      }
    },
    "global": {
      "version": "https://registry.npmjs.org/global/-/global-4.3.2.tgz",
      "integrity": "sha1-52mJJopsdMOJCLEwWxD8DjlOnQ8=",
      "dev": true,
      "requires": {
        "min-document": "https://registry.npmjs.org/min-document/-/min-document-2.19.0.tgz",
        "process": "https://registry.npmjs.org/process/-/process-0.5.2.tgz"
      }
    },
    "inherits": {
      "version": "https://registry.npmjs.org/inherits/-/inherits-2.0.3.tgz",
      "integrity": "sha1-Yzwsg+PaQqUC9SRmAiSA9CCCYd4=",
      "dev": true
    },
    "is-buffer": {
      "version": "https://registry.npmjs.org/is-buffer/-/is-buffer-1.1.5.tgz",
      "integrity": "sha1-Hzsm72E7IUuIy8ojzGwB2Hlh7sw=",
      "dev": true
    },
    "is-function": {
      "version": "https://registry.npmjs.org/is-function/-/is-function-1.0.1.tgz",
      "integrity": "sha1-Es+5i2W1fdPRk6MSH19uL0N2ArU=",
      "dev": true
    },
    "is-typedarray": {
      "version": "https://registry.npmjs.org/is-typedarray/-/is-typedarray-1.0.0.tgz",
      "integrity": "sha1-5HnICFjfDBsR3dppQPlgEfzaSpo=",
      "dev": true
    },
    "isnumeric": {
      "version": "0.2.0",
      "resolved": "https://registry.npmjs.org/isnumeric/-/isnumeric-0.2.0.tgz",
      "integrity": "sha1-ojR7o2DeGeM9D/1ZD933dVy/LmQ="
    },
    "js2xmlparser": {
      "version": "3.0.0",
      "resolved": "https://registry.npmjs.org/js2xmlparser/-/js2xmlparser-3.0.0.tgz",
      "integrity": "sha1-P7YOqgicVED5MZ9RdgzNB+JJlzM=",
      "requires": {
        "xmlcreate": "1.0.2"
      }
    },
    "layout-bmfont-text": {
      "version": "https://registry.npmjs.org/layout-bmfont-text/-/layout-bmfont-text-1.3.4.tgz",
      "integrity": "sha1-8g8sVGR3T0jabOipl/vObUaUW4E=",
      "dev": true,
      "requires": {
        "as-number": "https://registry.npmjs.org/as-number/-/as-number-1.0.0.tgz",
        "word-wrapper": "https://registry.npmjs.org/word-wrapper/-/word-wrapper-1.0.7.tgz",
        "xtend": "https://registry.npmjs.org/xtend/-/xtend-4.0.1.tgz"
      }
    },
    "load-bmfont": {
      "version": "https://registry.npmjs.org/load-bmfont/-/load-bmfont-1.3.0.tgz",
      "integrity": "sha1-u358cQ3mvK/LE8s7jIHgwBMey8k=",
      "dev": true,
      "requires": {
        "buffer-equal": "https://registry.npmjs.org/buffer-equal/-/buffer-equal-0.0.1.tgz",
        "mime": "https://registry.npmjs.org/mime/-/mime-1.3.6.tgz",
        "parse-bmfont-ascii": "https://registry.npmjs.org/parse-bmfont-ascii/-/parse-bmfont-ascii-1.0.6.tgz",
        "parse-bmfont-binary": "https://registry.npmjs.org/parse-bmfont-binary/-/parse-bmfont-binary-1.0.6.tgz",
        "parse-bmfont-xml": "https://registry.npmjs.org/parse-bmfont-xml/-/parse-bmfont-xml-1.1.3.tgz",
        "xhr": "https://registry.npmjs.org/xhr/-/xhr-2.4.0.tgz",
        "xtend": "https://registry.npmjs.org/xtend/-/xtend-4.0.1.tgz"
      }
    },
    "lodash": {
      "version": "https://registry.npmjs.org/lodash/-/lodash-4.17.4.tgz",
      "integrity": "sha1-eCA6TRwyiuHYbcpkYONptX9AVa4=",
      "dev": true
    },
    "lru-cache": {
      "version": "https://registry.npmjs.org/lru-cache/-/lru-cache-2.7.3.tgz",
      "integrity": "sha1-bUUk6LlV+V1PW1iFHOId1y+06VI=",
      "dev": true
    },
    "map-limit": {
      "version": "https://registry.npmjs.org/map-limit/-/map-limit-0.0.1.tgz",
      "integrity": "sha1-63lhAxwPDo0AG/LVb6toXViCLzg=",
      "requires": {
        "once": "https://registry.npmjs.org/once/-/once-1.3.3.tgz"
      }
    },
    "maxrects-packer": {
      "version": "1.0.2",
      "resolved": "https://registry.npmjs.org/maxrects-packer/-/maxrects-packer-1.0.2.tgz",
      "integrity": "sha512-Lm4HmBNq1laJSXx6Iu7Dou/XYGPk1z3+52vcdVC0Gm1a5LciXjq3T0jSb9if8ydclLXc9wqWrYQ9Z5KIVc3XTA=="
    },
    "mime": {
      "version": "https://registry.npmjs.org/mime/-/mime-1.3.6.tgz",
      "integrity": "sha1-WR2E02U6awtKO5343lqoEI5y5eA=",
      "dev": true
    },
    "min-document": {
      "version": "https://registry.npmjs.org/min-document/-/min-document-2.19.0.tgz",
      "integrity": "sha1-e9KC4/WELtKVu3SM3Z8f+iyCRoU=",
      "dev": true,
      "requires": {
        "dom-walk": "https://registry.npmjs.org/dom-walk/-/dom-walk-0.1.1.tgz"
      }
    },
    "minimatch": {
      "version": "https://registry.npmjs.org/minimatch/-/minimatch-0.3.0.tgz",
      "integrity": "sha1-J12O2qxPG7MyZHIInnlJyDlGmd0=",
      "dev": true,
      "requires": {
        "lru-cache": "https://registry.npmjs.org/lru-cache/-/lru-cache-2.7.3.tgz",
        "sigmund": "https://registry.npmjs.org/sigmund/-/sigmund-1.0.1.tgz"
      }
    },
    "minimist": {
      "version": "https://registry.npmjs.org/minimist/-/minimist-1.2.0.tgz",
      "integrity": "sha1-o1AIsg9BOD7sH7kU9M1d95omQoQ=",
      "dev": true
    },
    "nan": {
      "version": "2.6.2",
      "resolved": "https://registry.npmjs.org/nan/-/nan-2.6.2.tgz",
      "integrity": "sha1-5P805slf37WuzAjeZZb0NgWn20U="
    },
    "new-array": {
      "version": "https://registry.npmjs.org/new-array/-/new-array-1.0.0.tgz",
      "integrity": "sha1-XbxjnZYerH8an7wacUbsEvKST78=",
      "dev": true
    },
    "nice-color-palettes": {
      "version": "https://registry.npmjs.org/nice-color-palettes/-/nice-color-palettes-1.0.1.tgz",
      "integrity": "sha1-h16gHchu+uf1leBmqLJmDnIGBT4=",
      "dev": true,
      "requires": {
        "map-limit": "https://registry.npmjs.org/map-limit/-/map-limit-0.0.1.tgz",
        "minimist": "https://registry.npmjs.org/minimist/-/minimist-1.2.0.tgz",
        "new-array": "https://registry.npmjs.org/new-array/-/new-array-1.0.0.tgz",
        "xhr-request": "https://registry.npmjs.org/xhr-request/-/xhr-request-1.0.1.tgz"
      }
    },
    "object-assign": {
      "version": "https://registry.npmjs.org/object-assign/-/object-assign-4.1.1.tgz",
      "integrity": "sha1-IQmtx5ZYh8/AXLvUQsrIv7s2CGM=",
      "dev": true
    },
    "object-inspect": {
      "version": "https://registry.npmjs.org/object-inspect/-/object-inspect-0.4.0.tgz",
      "integrity": "sha1-9RV8EWwUVbJDsG7pdwM5LFrYn+w=",
      "dev": true
    },
    "once": {
      "version": "https://registry.npmjs.org/once/-/once-1.3.3.tgz",
      "integrity": "sha1-suJhVXzkwxTsgwTz+oJmPkKXyiA=",
      "requires": {
        "wrappy": "https://registry.npmjs.org/wrappy/-/wrappy-1.0.2.tgz"
      }
    },
    "opentype.js": {
      "version": "https://registry.npmjs.org/opentype.js/-/opentype.js-0.6.9.tgz",
      "integrity": "sha1-602yH/WKErLbeKZS16S/lgUlMIk=",
      "requires": {
        "tiny-inflate": "https://registry.npmjs.org/tiny-inflate/-/tiny-inflate-1.0.2.tgz"
      }
    },
    "parse-bmfont-ascii": {
      "version": "https://registry.npmjs.org/parse-bmfont-ascii/-/parse-bmfont-ascii-1.0.6.tgz",
      "integrity": "sha1-Eaw8P/WPfCAgqyJ2kHkQjU36AoU=",
      "dev": true
    },
    "parse-bmfont-binary": {
      "version": "https://registry.npmjs.org/parse-bmfont-binary/-/parse-bmfont-binary-1.0.6.tgz",
      "integrity": "sha1-0Di0dtPp3Z2x4RoLDlOiJ5K2kAY=",
      "dev": true
    },
    "parse-bmfont-xml": {
      "version": "https://registry.npmjs.org/parse-bmfont-xml/-/parse-bmfont-xml-1.1.3.tgz",
      "integrity": "sha1-1rZqNxr9OcUAfZ8O6yYqTyzOe3w=",
      "dev": true,
      "requires": {
        "xml-parse-from-string": "https://registry.npmjs.org/xml-parse-from-string/-/xml-parse-from-string-1.0.1.tgz",
        "xml2js": "https://registry.npmjs.org/xml2js/-/xml2js-0.4.17.tgz"
      }
    },
    "parse-css-font": {
      "version": "2.0.2",
      "resolved": "https://registry.npmjs.org/parse-css-font/-/parse-css-font-2.0.2.tgz",
      "integrity": "sha1-e2CwYHBaJam5C38O1JPlgjJIplI=",
      "requires": {
        "css-font-size-keywords": "1.0.0",
        "css-font-stretch-keywords": "1.0.1",
        "css-font-style-keywords": "1.0.1",
        "css-font-weight-keywords": "1.0.0",
        "css-global-keywords": "1.0.1",
        "css-list-helpers": "1.0.1",
        "css-system-font-keywords": "1.0.0",
        "tcomb": "2.7.0",
        "unquote": "1.1.0"
      }
    },
    "parse-headers": {
      "version": "https://registry.npmjs.org/parse-headers/-/parse-headers-2.0.1.tgz",
      "integrity": "sha1-aug6eqJanZtwCswoaYzR8e1+lTY=",
      "dev": true,
      "requires": {
        "for-each": "https://registry.npmjs.org/for-each/-/for-each-0.3.2.tgz",
        "trim": "https://registry.npmjs.org/trim/-/trim-0.0.1.tgz"
      }
    },
    "process": {
      "version": "https://registry.npmjs.org/process/-/process-0.5.2.tgz",
      "integrity": "sha1-FjjYqONML0QKkduVq5rrZ3/Bhc8=",
      "dev": true
    },
    "quad-indices": {
      "version": "https://registry.npmjs.org/quad-indices/-/quad-indices-2.0.1.tgz",
      "integrity": "sha1-ppQdiaE9Y+7WwdSlpiGgRjYXqBQ=",
      "dev": true,
      "requires": {
        "an-array": "https://registry.npmjs.org/an-array/-/an-array-1.0.0.tgz",
        "dtype": "https://registry.npmjs.org/dtype/-/dtype-2.0.0.tgz",
        "is-buffer": "https://registry.npmjs.org/is-buffer/-/is-buffer-1.1.5.tgz"
      }
    },
    "query-string": {
      "version": "https://registry.npmjs.org/query-string/-/query-string-2.4.2.tgz",
      "integrity": "sha1-fbBmZCCAS6qSrp8miWKFWnYUPfs=",
      "dev": true,
      "requires": {
        "strict-uri-encode": "https://registry.npmjs.org/strict-uri-encode/-/strict-uri-encode-1.1.0.tgz"
      }
    },
    "resumer": {
      "version": "https://registry.npmjs.org/resumer/-/resumer-0.0.0.tgz",
      "integrity": "sha1-8ej0YeQGS6Oegq883CqMiT0HZ1k=",
      "dev": true,
      "requires": {
        "through": "https://registry.npmjs.org/through/-/through-2.3.8.tgz"
      }
    },
    "run-parallel": {
      "version": "https://registry.npmjs.org/run-parallel/-/run-parallel-1.1.6.tgz",
      "integrity": "sha1-KQA8miFj4B4tLfyQV18sbB1hoDk=",
      "dev": true
    },
    "sax": {
      "version": "https://registry.npmjs.org/sax/-/sax-1.2.4.tgz",
      "integrity": "sha1-KBYjTiN4vdxOU1T6tcqold9xANk=",
      "dev": true
    },
    "sigmund": {
      "version": "https://registry.npmjs.org/sigmund/-/sigmund-1.0.1.tgz",
      "integrity": "sha1-P/IfGYytIXX587eBhT/ZTQ0ZtZA=",
      "dev": true
    },
    "simple-get": {
      "version": "https://registry.npmjs.org/simple-get/-/simple-get-1.4.3.tgz",
      "integrity": "sha1-6XVe2kB+ltpAxeUVjJ6jezO+y+s=",
      "dev": true,
      "requires": {
        "once": "https://registry.npmjs.org/once/-/once-1.3.3.tgz",
        "unzip-response": "https://registry.npmjs.org/unzip-response/-/unzip-response-1.0.2.tgz",
        "xtend": "https://registry.npmjs.org/xtend/-/xtend-4.0.1.tgz"
      }
    },
    "strict-uri-encode": {
      "version": "https://registry.npmjs.org/strict-uri-encode/-/strict-uri-encode-1.1.0.tgz",
      "integrity": "sha1-J5siXfHVgrH1TmWt3UNS4Y+qBxM=",
      "dev": true
    },
    "tape": {
      "version": "https://registry.npmjs.org/tape/-/tape-3.6.1.tgz",
      "integrity": "sha1-SJPdU+KApfWMDOswwsDrs7zVHh8=",
      "dev": true,
      "requires": {
        "deep-equal": "https://registry.npmjs.org/deep-equal/-/deep-equal-0.2.2.tgz",
        "defined": "https://registry.npmjs.org/defined/-/defined-0.0.0.tgz",
        "glob": "https://registry.npmjs.org/glob/-/glob-3.2.11.tgz",
        "inherits": "https://registry.npmjs.org/inherits/-/inherits-2.0.3.tgz",
        "object-inspect": "https://registry.npmjs.org/object-inspect/-/object-inspect-0.4.0.tgz",
        "resumer": "https://registry.npmjs.org/resumer/-/resumer-0.0.0.tgz",
        "through": "https://registry.npmjs.org/through/-/through-2.3.8.tgz"
      }
    },
    "tcomb": {
      "version": "2.7.0",
      "resolved": "https://registry.npmjs.org/tcomb/-/tcomb-2.7.0.tgz",
      "integrity": "sha1-ENYpWAQWaaXVNWe5pO6M3iKxwrA="
    },
    "three": {
      "version": "0.86.0",
      "resolved": "https://registry.npmjs.org/three/-/three-0.86.0.tgz",
      "integrity": "sha1-HDPkdqFTfpqKGPV5LQJLEEbNIAA=",
      "dev": true
    },
    "three-bmfont-text": {
      "version": "https://registry.npmjs.org/three-bmfont-text/-/three-bmfont-text-2.2.1.tgz",
      "integrity": "sha1-NF7i+8XPu1jS+V/rdUXobAFnP/Q=",
      "dev": true,
      "requires": {
        "array-shuffle": "https://registry.npmjs.org/array-shuffle/-/array-shuffle-1.0.1.tgz",
        "inherits": "https://registry.npmjs.org/inherits/-/inherits-2.0.3.tgz",
        "layout-bmfont-text": "https://registry.npmjs.org/layout-bmfont-text/-/layout-bmfont-text-1.3.4.tgz",
        "nice-color-palettes": "https://registry.npmjs.org/nice-color-palettes/-/nice-color-palettes-1.0.1.tgz",
        "object-assign": "https://registry.npmjs.org/object-assign/-/object-assign-4.1.1.tgz",
        "quad-indices": "https://registry.npmjs.org/quad-indices/-/quad-indices-2.0.1.tgz",
        "three-buffer-vertex-data": "https://registry.npmjs.org/three-buffer-vertex-data/-/three-buffer-vertex-data-1.1.0.tgz"
      }
    },
    "three-buffer-vertex-data": {
      "version": "https://registry.npmjs.org/three-buffer-vertex-data/-/three-buffer-vertex-data-1.1.0.tgz",
      "integrity": "sha1-zyKOeEJ2ZYhLlhpMq+H4XtOfgrE=",
      "dev": true,
      "requires": {
        "flatten-vertex-data": "https://registry.npmjs.org/flatten-vertex-data/-/flatten-vertex-data-1.0.0.tgz"
      }
    },
    "through": {
      "version": "https://registry.npmjs.org/through/-/through-2.3.8.tgz",
      "integrity": "sha1-DdTJ/6q8NXlgsbckEV1+Doai4fU=",
      "dev": true
    },
    "timed-out": {
      "version": "https://registry.npmjs.org/timed-out/-/timed-out-2.0.0.tgz",
      "integrity": "sha1-84sK6B03R9YoAB9B2vxlKs5nHAo=",
      "dev": true
    },
    "tiny-inflate": {
      "version": "https://registry.npmjs.org/tiny-inflate/-/tiny-inflate-1.0.2.tgz",
      "integrity": "sha1-k9nez/yIBb1X6uQxDwt0Xptvs6c="
    },
    "trim": {
      "version": "https://registry.npmjs.org/trim/-/trim-0.0.1.tgz",
      "integrity": "sha1-WFhUf2spB1fulczMZm+1AITEYN0=",
      "dev": true
    },
    "units-css": {
      "version": "0.4.0",
      "resolved": "https://registry.npmjs.org/units-css/-/units-css-0.4.0.tgz",
      "integrity": "sha1-1iKGU6UZg9fBb/KPi53Dsf/tOgc=",
      "requires": {
        "isnumeric": "0.2.0",
        "viewport-dimensions": "0.2.0"
      }
    },
    "unquote": {
      "version": "1.1.0",
      "resolved": "https://registry.npmjs.org/unquote/-/unquote-1.1.0.tgz",
      "integrity": "sha1-mOH8YItrhUx1r7G5WvwJm6adlC8="
    },
    "unzip-response": {
      "version": "https://registry.npmjs.org/unzip-response/-/unzip-response-1.0.2.tgz",
      "integrity": "sha1-uYTwh3/AqJwsdzzB73tbIytbBv4=",
      "dev": true
    },
    "url-set-query": {
      "version": "https://registry.npmjs.org/url-set-query/-/url-set-query-1.0.0.tgz",
      "integrity": "sha1-AW6M/Xwg7gXK/neV6JK9BwL6ozk=",
      "dev": true
    },
    "viewport-dimensions": {
      "version": "0.2.0",
      "resolved": "https://registry.npmjs.org/viewport-dimensions/-/viewport-dimensions-0.2.0.tgz",
      "integrity": "sha1-3nQHR9tTh/0XJfUXXpG6x2r982w="
    },
    "word-wrapper": {
      "version": "https://registry.npmjs.org/word-wrapper/-/word-wrapper-1.0.7.tgz",
      "integrity": "sha1-HxSv6/Zt/fD+9V79NxhO+9CMKLY=",
      "dev": true
    },
    "wrappy": {
      "version": "https://registry.npmjs.org/wrappy/-/wrappy-1.0.2.tgz",
      "integrity": "sha1-tSQ9jz7BqjXxNkYFvA0QNuMKtp8="
    },
    "xhr": {
      "version": "https://registry.npmjs.org/xhr/-/xhr-2.4.0.tgz",
      "integrity": "sha1-4W5mpF+GmGHu76tBbV7/ci3ECZM=",
      "dev": true,
      "requires": {
        "global": "https://registry.npmjs.org/global/-/global-4.3.2.tgz",
        "is-function": "https://registry.npmjs.org/is-function/-/is-function-1.0.1.tgz",
        "parse-headers": "https://registry.npmjs.org/parse-headers/-/parse-headers-2.0.1.tgz",
        "xtend": "https://registry.npmjs.org/xtend/-/xtend-4.0.1.tgz"
      }
    },
    "xhr-request": {
      "version": "https://registry.npmjs.org/xhr-request/-/xhr-request-1.0.1.tgz",
      "integrity": "sha1-g/CKSyC+7Geowcco6BAvTJ7svdo=",
      "dev": true,
      "requires": {
        "buffer-to-arraybuffer": "https://registry.npmjs.org/buffer-to-arraybuffer/-/buffer-to-arraybuffer-0.0.2.tgz",
        "object-assign": "https://registry.npmjs.org/object-assign/-/object-assign-3.0.0.tgz",
        "query-string": "https://registry.npmjs.org/query-string/-/query-string-2.4.2.tgz",
        "simple-get": "https://registry.npmjs.org/simple-get/-/simple-get-1.4.3.tgz",
        "timed-out": "https://registry.npmjs.org/timed-out/-/timed-out-2.0.0.tgz",
        "url-set-query": "https://registry.npmjs.org/url-set-query/-/url-set-query-1.0.0.tgz",
        "xhr": "https://registry.npmjs.org/xhr/-/xhr-2.4.0.tgz"
      },
      "dependencies": {
        "object-assign": {
          "version": "https://registry.npmjs.org/object-assign/-/object-assign-3.0.0.tgz",
          "integrity": "sha1-m+3VygiXlJvKR+f/QIBi1Un1h/I=",
          "dev": true
        }
      }
    },
    "xml-parse-from-string": {
      "version": "https://registry.npmjs.org/xml-parse-from-string/-/xml-parse-from-string-1.0.1.tgz",
      "integrity": "sha1-qQKekp09vN7RafPG4oI42VpdWig=",
      "dev": true
    },
    "xml2js": {
      "version": "https://registry.npmjs.org/xml2js/-/xml2js-0.4.17.tgz",
      "integrity": "sha1-F76T6q4/O3eTWceVtBlwWogX6Gg=",
      "dev": true,
      "requires": {
        "sax": "https://registry.npmjs.org/sax/-/sax-1.2.4.tgz",
        "xmlbuilder": "https://registry.npmjs.org/xmlbuilder/-/xmlbuilder-4.2.1.tgz"
      }
    },
    "xmlbuilder": {
      "version": "https://registry.npmjs.org/xmlbuilder/-/xmlbuilder-4.2.1.tgz",
      "integrity": "sha1-qlijBBoGb5DqoWwvU4n/GfP0YaU=",
      "dev": true,
      "requires": {
        "lodash": "https://registry.npmjs.org/lodash/-/lodash-4.17.4.tgz"
      }
    },
    "xmlcreate": {
      "version": "1.0.2",
      "resolved": "https://registry.npmjs.org/xmlcreate/-/xmlcreate-1.0.2.tgz",
      "integrity": "sha1-+mv3YqYKQT+z3Y9LA8WyaSONMI8="
    },
    "xtend": {
      "version": "https://registry.npmjs.org/xtend/-/xtend-4.0.1.tgz",
      "integrity": "sha1-pcbVMr5lbiPbgg77lDofBJmNY68=",
      "dev": true
    }
  }
}
